// !$*UTF8*$!
{
	archiveVersion = 1;
	classes = {
	};
	objectVersion = 56;
	objects = {

/* Begin PBXBuildFile section */
		1C7F5A0529A215480027ABC6 /* Pokemon.swift in Sources */ = {isa = PBXBuildFile; fileRef = 1C7F5A0429A215480027ABC6 /* Pokemon.swift */; };
		1C7F5A0729A216E30027ABC6 /* API.swift in Sources */ = {isa = PBXBuildFile; fileRef = 1C7F5A0629A216E30027ABC6 /* API.swift */; };
		1CE5FAB529A21EF000A5A0F2 /* PokemonName.swift in Sources */ = {isa = PBXBuildFile; fileRef = 1CE5FAB429A21EF000A5A0F2 /* PokemonName.swift */; };
		69302E0429A1E7A1009A47BA /* PokemonRowView.swift in Sources */ = {isa = PBXBuildFile; fileRef = 69302E0329A1E7A1009A47BA /* PokemonRowView.swift */; };
		69302E0629A1E7A6009A47BA /* PokemonData.swift in Sources */ = {isa = PBXBuildFile; fileRef = 69302E0529A1E7A6009A47BA /* PokemonData.swift */; };
		8B394F9E29A133BE003125DA /* AsianPokedexAppApp.swift in Sources */ = {isa = PBXBuildFile; fileRef = 8B394F9D29A133BE003125DA /* AsianPokedexAppApp.swift */; };
		8B394FA029A133BE003125DA /* ContentView.swift in Sources */ = {isa = PBXBuildFile; fileRef = 8B394F9F29A133BE003125DA /* ContentView.swift */; };
		8B394FA229A133BF003125DA /* Assets.xcassets in Resources */ = {isa = PBXBuildFile; fileRef = 8B394FA129A133BF003125DA /* Assets.xcassets */; };
		8B394FA529A133BF003125DA /* Preview Assets.xcassets in Resources */ = {isa = PBXBuildFile; fileRef = 8B394FA429A133BF003125DA /* Preview Assets.xcassets */; };
		8BDB9B1829A1FBCE008636E8 /* PokemonViewModel.swift in Sources */ = {isa = PBXBuildFile; fileRef = 8BDB9B1729A1FBCE008636E8 /* PokemonViewModel.swift */; };
/* End PBXBuildFile section */

/* Begin PBXFileReference section */
		1C7F5A0429A215480027ABC6 /* Pokemon.swift */ = {isa = PBXFileReference; lastKnownFileType = sourcecode.swift; path = Pokemon.swift; sourceTree = "<group>"; };
		1C7F5A0629A216E30027ABC6 /* API.swift */ = {isa = PBXFileReference; lastKnownFileType = sourcecode.swift; path = API.swift; sourceTree = "<group>"; };
		1CE5FAB429A21EF000A5A0F2 /* PokemonName.swift */ = {isa = PBXFileReference; lastKnownFileType = sourcecode.swift; path = PokemonName.swift; sourceTree = "<group>"; };
		69302E0329A1E7A1009A47BA /* PokemonRowView.swift */ = {isa = PBXFileReference; fileEncoding = 4; lastKnownFileType = sourcecode.swift; path = PokemonRowView.swift; sourceTree = "<group>"; };
		69302E0529A1E7A6009A47BA /* PokemonData.swift */ = {isa = PBXFileReference; fileEncoding = 4; lastKnownFileType = sourcecode.swift; path = PokemonData.swift; sourceTree = "<group>"; };
		8B394F9A29A133BE003125DA /* AsianPokedexApp.app */ = {isa = PBXFileReference; explicitFileType = wrapper.application; includeInIndex = 0; path = AsianPokedexApp.app; sourceTree = BUILT_PRODUCTS_DIR; };
		8B394F9D29A133BE003125DA /* AsianPokedexAppApp.swift */ = {isa = PBXFileReference; lastKnownFileType = sourcecode.swift; path = AsianPokedexAppApp.swift; sourceTree = "<group>"; };
		8B394F9F29A133BE003125DA /* ContentView.swift */ = {isa = PBXFileReference; lastKnownFileType = sourcecode.swift; path = ContentView.swift; sourceTree = "<group>"; };
		8B394FA129A133BF003125DA /* Assets.xcassets */ = {isa = PBXFileReference; lastKnownFileType = folder.assetcatalog; path = Assets.xcassets; sourceTree = "<group>"; };
		8B394FA429A133BF003125DA /* Preview Assets.xcassets */ = {isa = PBXFileReference; lastKnownFileType = folder.assetcatalog; path = "Preview Assets.xcassets"; sourceTree = "<group>"; };
		8BDB9B1729A1FBCE008636E8 /* PokemonViewModel.swift */ = {isa = PBXFileReference; lastKnownFileType = sourcecode.swift; path = PokemonViewModel.swift; sourceTree = "<group>"; };
/* End PBXFileReference section */

/* Begin PBXFrameworksBuildPhase section */
		8B394F9729A133BE003125DA /* Frameworks */ = {
			isa = PBXFrameworksBuildPhase;
			buildActionMask = 2147483647;
			files = (
			);
			runOnlyForDeploymentPostprocessing = 0;
		};
/* End PBXFrameworksBuildPhase section */

/* Begin PBXGroup section */
		8B394F9129A133BE003125DA = {
			isa = PBXGroup;
			children = (
				8B394F9C29A133BE003125DA /* AsianPokedexApp */,
				8B394F9B29A133BE003125DA /* Products */,
			);
			sourceTree = "<group>";
		};
		8B394F9B29A133BE003125DA /* Products */ = {
			isa = PBXGroup;
			children = (
				8B394F9A29A133BE003125DA /* AsianPokedexApp.app */,
			);
			name = Products;
			sourceTree = "<group>";
		};
		8B394F9C29A133BE003125DA /* AsianPokedexApp */ = {
			isa = PBXGroup;
			children = (
				8B394F9D29A133BE003125DA /* AsianPokedexAppApp.swift */,
				8BDB9B1A29A1FC09008636E8 /* View */,
				8BDB9B1529A1FBA6008636E8 /* Model */,
				8BDB9B1629A1FBAF008636E8 /* PokemonViewModel */,
				8B394FA129A133BF003125DA /* Assets.xcassets */,
				8B394FA329A133BF003125DA /* Preview Content */,
			);
			path = AsianPokedexApp;
			sourceTree = "<group>";
		};
		8B394FA329A133BF003125DA /* Preview Content */ = {
			isa = PBXGroup;
			children = (
				8B394FA429A133BF003125DA /* Preview Assets.xcassets */,
			);
			path = "Preview Content";
			sourceTree = "<group>";
		};
		8BDB9B1529A1FBA6008636E8 /* Model */ = {
			isa = PBXGroup;
			children = (
				69302E0529A1E7A6009A47BA /* PokemonData.swift */,
				1C7F5A0429A215480027ABC6 /* Pokemon.swift */,
				1CE5FAB429A21EF000A5A0F2 /* PokemonName.swift */,
				1C7F5A0629A216E30027ABC6 /* API.swift */,
			);
			path = Model;
			sourceTree = "<group>";
		};
		8BDB9B1629A1FBAF008636E8 /* PokemonViewModel */ = {
			isa = PBXGroup;
			children = (
				8BDB9B1729A1FBCE008636E8 /* PokemonViewModel.swift */,
			);
			path = PokemonViewModel;
			sourceTree = "<group>";
		};
		8BDB9B1A29A1FC09008636E8 /* View */ = {
			isa = PBXGroup;
			children = (
				69302E0329A1E7A1009A47BA /* PokemonRowView.swift */,
				8B394F9F29A133BE003125DA /* ContentView.swift */,
			);
			path = View;
			sourceTree = "<group>";
		};
/* End PBXGroup section */

/* Begin PBXNativeTarget section */
		8B394F9929A133BE003125DA /* AsianPokedexApp */ = {
			isa = PBXNativeTarget;
			buildConfigurationList = 8B394FA829A133BF003125DA /* Build configuration list for PBXNativeTarget "AsianPokedexApp" */;
			buildPhases = (
				8B394F9629A133BE003125DA /* Sources */,
				8B394F9729A133BE003125DA /* Frameworks */,
				8B394F9829A133BE003125DA /* Resources */,
			);
			buildRules = (
			);
			dependencies = (
			);
			name = AsianPokedexApp;
			productName = AsianPokedexApp;
			productReference = 8B394F9A29A133BE003125DA /* AsianPokedexApp.app */;
			productType = "com.apple.product-type.application";
		};
/* End PBXNativeTarget section */

/* Begin PBXProject section */
		8B394F9229A133BE003125DA /* Project object */ = {
			isa = PBXProject;
			attributes = {
				BuildIndependentTargetsInParallel = 1;
				LastSwiftUpdateCheck = 1420;
				LastUpgradeCheck = 1420;
				TargetAttributes = {
					8B394F9929A133BE003125DA = {
						CreatedOnToolsVersion = 14.2;
					};
				};
			};
			buildConfigurationList = 8B394F9529A133BE003125DA /* Build configuration list for PBXProject "AsianPokedexApp" */;
			compatibilityVersion = "Xcode 14.0";
			developmentRegion = en;
			hasScannedForEncodings = 0;
			knownRegions = (
				en,
				Base,
			);
			mainGroup = 8B394F9129A133BE003125DA;
			productRefGroup = 8B394F9B29A133BE003125DA /* Products */;
			projectDirPath = "";
			projectRoot = "";
			targets = (
				8B394F9929A133BE003125DA /* AsianPokedexApp */,
			);
		};
/* End PBXProject section */

/* Begin PBXResourcesBuildPhase section */
		8B394F9829A133BE003125DA /* Resources */ = {
			isa = PBXResourcesBuildPhase;
			buildActionMask = 2147483647;
			files = (
				8B394FA529A133BF003125DA /* Preview Assets.xcassets in Resources */,
				8B394FA229A133BF003125DA /* Assets.xcassets in Resources */,
			);
			runOnlyForDeploymentPostprocessing = 0;
		};
/* End PBXResourcesBuildPhase section */

/* Begin PBXSourcesBuildPhase section */
		8B394F9629A133BE003125DA /* Sources */ = {
			isa = PBXSourcesBuildPhase;
			buildActionMask = 2147483647;
			files = (
				8B394FA029A133BE003125DA /* ContentView.swift in Sources */,
				8BDB9B1829A1FBCE008636E8 /* PokemonViewModel.swift in Sources */,
				69302E0429A1E7A1009A47BA /* PokemonRowView.swift in Sources */,
				8B394F9E29A133BE003125DA /* AsianPokedexAppApp.swift in Sources */,
				69302E0629A1E7A6009A47BA /* PokemonData.swift in Sources */,
				1C7F5A0529A215480027ABC6 /* Pokemon.swift in Sources */,
				1CE5FAB529A21EF000A5A0F2 /* PokemonName.swift in Sources */,
				1C7F5A0729A216E30027ABC6 /* API.swift in Sources */,
			);
			runOnlyForDeploymentPostprocessing = 0;
		};
/* End PBXSourcesBuildPhase section */

/* Begin XCBuildConfiguration section */
		8B394FA629A133BF003125DA /* Debug */ = {
			isa = XCBuildConfiguration;
			buildSettings = {
				ALWAYS_SEARCH_USER_PATHS = NO;
				CLANG_ANALYZER_NONNULL = YES;
				CLANG_ANALYZER_NUMBER_OBJECT_CONVERSION = YES_AGGRESSIVE;
				CLANG_CXX_LANGUAGE_STANDARD = "gnu++20";
				CLANG_ENABLE_MODULES = YES;
				CLANG_ENABLE_OBJC_ARC = YES;
				CLANG_ENABLE_OBJC_WEAK = YES;
				CLANG_WARN_BLOCK_CAPTURE_AUTORELEASING = YES;
				CLANG_WARN_BOOL_CONVERSION = YES;
				CLANG_WARN_COMMA = YES;
				CLANG_WARN_CONSTANT_CONVERSION = YES;
				CLANG_WARN_DEPRECATED_OBJC_IMPLEMENTATIONS = YES;
				CLANG_WARN_DIRECT_OBJC_ISA_USAGE = YES_ERROR;
				CLANG_WARN_DOCUMENTATION_COMMENTS = YES;
				CLANG_WARN_EMPTY_BODY = YES;
				CLANG_WARN_ENUM_CONVERSION = YES;
				CLANG_WARN_INFINITE_RECURSION = YES;
				CLANG_WARN_INT_CONVERSION = YES;
				CLANG_WARN_NON_LITERAL_NULL_CONVERSION = YES;
				CLANG_WARN_OBJC_IMPLICIT_RETAIN_SELF = YES;
				CLANG_WARN_OBJC_LITERAL_CONVERSION = YES;
				CLANG_WARN_OBJC_ROOT_CLASS = YES_ERROR;
				CLANG_WARN_QUOTED_INCLUDE_IN_FRAMEWORK_HEADER = YES;
				CLANG_WARN_RANGE_LOOP_ANALYSIS = YES;
				CLANG_WARN_STRICT_PROTOTYPES = YES;
				CLANG_WARN_SUSPICIOUS_MOVE = YES;
				CLANG_WARN_UNGUARDED_AVAILABILITY = YES_AGGRESSIVE;
				CLANG_WARN_UNREACHABLE_CODE = YES;
				CLANG_WARN__DUPLICATE_METHOD_MATCH = YES;
				COPY_PHASE_STRIP = NO;
				DEBUG_INFORMATION_FORMAT = dwarf;
				ENABLE_STRICT_OBJC_MSGSEND = YES;
				ENABLE_TESTABILITY = YES;
				GCC_C_LANGUAGE_STANDARD = gnu11;
				GCC_DYNAMIC_NO_PIC = NO;
				GCC_NO_COMMON_BLOCKS = YES;
				GCC_OPTIMIZATION_LEVEL = 0;
				GCC_PREPROCESSOR_DEFINITIONS = (
					"DEBUG=1",
					"$(inherited)",
				);
				GCC_WARN_64_TO_32_BIT_CONVERSION = YES;
				GCC_WARN_ABOUT_RETURN_TYPE = YES_ERROR;
				GCC_WARN_UNDECLARED_SELECTOR = YES;
				GCC_WARN_UNINITIALIZED_AUTOS = YES_AGGRESSIVE;
				GCC_WARN_UNUSED_FUNCTION = YES;
				GCC_WARN_UNUSED_VARIABLE = YES;
				IPHONEOS_DEPLOYMENT_TARGET = 16.2;
				MTL_ENABLE_DEBUG_INFO = INCLUDE_SOURCE;
				MTL_FAST_MATH = YES;
				ONLY_ACTIVE_ARCH = YES;
				SDKROOT = iphoneos;
				SWIFT_ACTIVE_COMPILATION_CONDITIONS = DEBUG;
				SWIFT_OPTIMIZATION_LEVEL = "-Onone";
			};
			name = Debug;
		};
		8B394FA729A133BF003125DA /* Release */ = {
			isa = XCBuildConfiguration;
			buildSettings = {
				ALWAYS_SEARCH_USER_PATHS = NO;
				CLANG_ANALYZER_NONNULL = YES;
				CLANG_ANALYZER_NUMBER_OBJECT_CONVERSION = YES_AGGRESSIVE;
				CLANG_CXX_LANGUAGE_STANDARD = "gnu++20";
				CLANG_ENABLE_MODULES = YES;
				CLANG_ENABLE_OBJC_ARC = YES;
				CLANG_ENABLE_OBJC_WEAK = YES;
				CLANG_WARN_BLOCK_CAPTURE_AUTORELEASING = YES;
				CLANG_WARN_BOOL_CONVERSION = YES;
				CLANG_WARN_COMMA = YES;
				CLANG_WARN_CONSTANT_CONVERSION = YES;
				CLANG_WARN_DEPRECATED_OBJC_IMPLEMENTATIONS = YES;
				CLANG_WARN_DIRECT_OBJC_ISA_USAGE = YES_ERROR;
				CLANG_WARN_DOCUMENTATION_COMMENTS = YES;
				CLANG_WARN_EMPTY_BODY = YES;
				CLANG_WARN_ENUM_CONVERSION = YES;
				CLANG_WARN_INFINITE_RECURSION = YES;
				CLANG_WARN_INT_CONVERSION = YES;
				CLANG_WARN_NON_LITERAL_NULL_CONVERSION = YES;
				CLANG_WARN_OBJC_IMPLICIT_RETAIN_SELF = YES;
				CLANG_WARN_OBJC_LITERAL_CONVERSION = YES;
				CLANG_WARN_OBJC_ROOT_CLASS = YES_ERROR;
				CLANG_WARN_QUOTED_INCLUDE_IN_FRAMEWORK_HEADER = YES;
				CLANG_WARN_RANGE_LOOP_ANALYSIS = YES;
				CLANG_WARN_STRICT_PROTOTYPES = YES;
				CLANG_WARN_SUSPICIOUS_MOVE = YES;
				CLANG_WARN_UNGUARDED_AVAILABILITY = YES_AGGRESSIVE;
				CLANG_WARN_UNREACHABLE_CODE = YES;
				CLANG_WARN__DUPLICATE_METHOD_MATCH = YES;
				COPY_PHASE_STRIP = NO;
				DEBUG_INFORMATION_FORMAT = "dwarf-with-dsym";
				ENABLE_NS_ASSERTIONS = NO;
				ENABLE_STRICT_OBJC_MSGSEND = YES;
				GCC_C_LANGUAGE_STANDARD = gnu11;
				GCC_NO_COMMON_BLOCKS = YES;
				GCC_WARN_64_TO_32_BIT_CONVERSION = YES;
				GCC_WARN_ABOUT_RETURN_TYPE = YES_ERROR;
				GCC_WARN_UNDECLARED_SELECTOR = YES;
				GCC_WARN_UNINITIALIZED_AUTOS = YES_AGGRESSIVE;
				GCC_WARN_UNUSED_FUNCTION = YES;
				GCC_WARN_UNUSED_VARIABLE = YES;
				IPHONEOS_DEPLOYMENT_TARGET = 16.2;
				MTL_ENABLE_DEBUG_INFO = NO;
				MTL_FAST_MATH = YES;
				SDKROOT = iphoneos;
				SWIFT_COMPILATION_MODE = wholemodule;
				SWIFT_OPTIMIZATION_LEVEL = "-O";
				VALIDATE_PRODUCT = YES;
			};
			name = Release;
		};
		8B394FA929A133BF003125DA /* Debug */ = {
			isa = XCBuildConfiguration;
			buildSettings = {
				ASSETCATALOG_COMPILER_APPICON_NAME = AppIcon;
				ASSETCATALOG_COMPILER_GLOBAL_ACCENT_COLOR_NAME = AccentColor;
				CODE_SIGN_STYLE = Automatic;
				CURRENT_PROJECT_VERSION = 1;
				DEVELOPMENT_ASSET_PATHS = "\"AsianPokedexApp/Preview Content\"";
				DEVELOPMENT_TEAM = 7PSW8M3W4F;
				ENABLE_PREVIEWS = YES;
				GENERATE_INFOPLIST_FILE = YES;
				INFOPLIST_KEY_UIApplicationSceneManifest_Generation = YES;
				INFOPLIST_KEY_UIApplicationSupportsIndirectInputEvents = YES;
				INFOPLIST_KEY_UILaunchScreen_Generation = YES;
				INFOPLIST_KEY_UISupportedInterfaceOrientations_iPad = "UIInterfaceOrientationPortrait UIInterfaceOrientationPortraitUpsideDown UIInterfaceOrientationLandscapeLeft UIInterfaceOrientationLandscapeRight";
				INFOPLIST_KEY_UISupportedInterfaceOrientations_iPhone = "UIInterfaceOrientationPortrait UIInterfaceOrientationLandscapeLeft UIInterfaceOrientationLandscapeRight";
				LD_RUNPATH_SEARCH_PATHS = (
					"$(inherited)",
					"@executable_path/Frameworks",
				);
				MARKETING_VERSION = 1.0;
				PRODUCT_BUNDLE_IDENTIFIER = com.watanabe.AsianPokedexApp;
				PRODUCT_NAME = "$(TARGET_NAME)";
				SWIFT_EMIT_LOC_STRINGS = YES;
				SWIFT_VERSION = 5.0;
				TARGETED_DEVICE_FAMILY = "1,2";
			};
			name = Debug;
		};
		8B394FAA29A133BF003125DA /* Release */ = {
			isa = XCBuildConfiguration;
			buildSettings = {
				ASSETCATALOG_COMPILER_APPICON_NAME = AppIcon;
				ASSETCATALOG_COMPILER_GLOBAL_ACCENT_COLOR_NAME = AccentColor;
				CODE_SIGN_STYLE = Automatic;
				CURRENT_PROJECT_VERSION = 1;
				DEVELOPMENT_ASSET_PATHS = "\"AsianPokedexApp/Preview Content\"";
				DEVELOPMENT_TEAM = 7PSW8M3W4F;
				ENABLE_PREVIEWS = YES;
				GENERATE_INFOPLIST_FILE = YES;
				INFOPLIST_KEY_UIApplicationSceneManifest_Generation = YES;
				INFOPLIST_KEY_UIApplicationSupportsIndirectInputEvents = YES;
				INFOPLIST_KEY_UILaunchScreen_Generation = YES;
				INFOPLIST_KEY_UISupportedInterfaceOrientations_iPad = "UIInterfaceOrientationPortrait UIInterfaceOrientationPortraitUpsideDown UIInterfaceOrientationLandscapeLeft UIInterfaceOrientationLandscapeRight";
				INFOPLIST_KEY_UISupportedInterfaceOrientations_iPhone = "UIInterfaceOrientationPortrait UIInterfaceOrientationLandscapeLeft UIInterfaceOrientationLandscapeRight";
				LD_RUNPATH_SEARCH_PATHS = (
					"$(inherited)",
					"@executable_path/Frameworks",
				);
				MARKETING_VERSION = 1.0;
				PRODUCT_BUNDLE_IDENTIFIER = com.watanabe.AsianPokedexApp;
				PRODUCT_NAME = "$(TARGET_NAME)";
				SWIFT_EMIT_LOC_STRINGS = YES;
				SWIFT_VERSION = 5.0;
				TARGETED_DEVICE_FAMILY = "1,2";
			};
			name = Release;
		};
/* End XCBuildConfiguration section */

/* Begin XCConfigurationList section */
		8B394F9529A133BE003125DA /* Build configuration list for PBXProject "AsianPokedexApp" */ = {
			isa = XCConfigurationList;
			buildConfigurations = (
				8B394FA629A133BF003125DA /* Debug */,
				8B394FA729A133BF003125DA /* Release */,
			);
			defaultConfigurationIsVisible = 0;
			defaultConfigurationName = Release;
		};
		8B394FA829A133BF003125DA /* Build configuration list for PBXNativeTarget "AsianPokedexApp" */ = {
			isa = XCConfigurationList;
			buildConfigurations = (
				8B394FA929A133BF003125DA /* Debug */,
				8B394FAA29A133BF003125DA /* Release */,
			);
			defaultConfigurationIsVisible = 0;
			defaultConfigurationName = Release;
		};
/* End XCConfigurationList section */
	};
	rootObject = 8B394F9229A133BE003125DA /* Project object */;
}
